
Microsoft Visual Studio Solution File, Format Version 12.00
# Visual Studio 15
VisualStudioVersion = 15.0.28307.136
MinimumVisualStudioVersion = 10.0.40219.1
Project("{F184B08F-C81C-45F6-A57F-5ABD9991F28F}") = "Autism1", "Autism1\Autism1.vbproj", "{AB999A17-669D-4454-B7FE-7CDB935E7B2C}"
EndProject
Global
	GlobalSection(SolutionConfigurationPlatforms) = preSolution
		Debug|Any CPU = Debug|Any CPU
		Release|Any CPU = Release|Any CPU
	EndGlobalSection
	GlobalSection(ProjectConfigurationPlatforms) = postSolution
		{AB999A17-669D-4454-B7FE-7CDB935E7B2C}.Debug|Any CPU.ActiveCfg = Debug|Any CPU
		{AB999A17-669D-4454-B7FE-7CDB935E7B2C}.Debug|Any CPU.Build.0 = Debug|Any CPU
		{AB999A17-669D-4454-B7FE-7CDB935E7B2C}.Release|Any CPU.ActiveCfg = Release|Any CPU
		{AB999A17-669D-4454-B7FE-7CDB935E7B2C}.Release|Any CPU.Build.0 = Release|Any CPU
	EndGlobalSection
	GlobalSection(SolutionProperties) = preSolution
		HideSolutionNode = FALSE
	EndGlobalSection
	GlobalSection(ExtensibilityGlobals) = postSolution
		SolutionGuid = {7570EF82-4162-4AA1-9A1E-86D7A7F7F74D}
	EndGlobalSection
EndGlobal
